// !$*UTF8*$!
{
	archiveVersion = 1;
	classes = {
	};
	objectVersion = 45;
	objects = {

/* Begin PBXBuildFile section */
		1D3623260D0F684500981E51 /* CrowdSortAppDelegate.m in Sources */ = {isa = PBXBuildFile; fileRef = 1D3623250D0F684500981E51 /* CrowdSortAppDelegate.m */; };
		1D60589B0D05DD56006BFB54 /* main.m in Sources */ = {isa = PBXBuildFile; fileRef = 29B97316FDCFA39411CA2CEA /* main.m */; };
		1D60589F0D05DD5A006BFB54 /* Foundation.framework in Frameworks */ = {isa = PBXBuildFile; fileRef = 1D30AB110D05D00D00671497 /* Foundation.framework */; };
		1DF5F4E00D08C38300B7A737 /* UIKit.framework in Frameworks */ = {isa = PBXBuildFile; fileRef = 1DF5F4DF0D08C38300B7A737 /* UIKit.framework */; };
		288765FD0DF74451002DB57D /* CoreGraphics.framework in Frameworks */ = {isa = PBXBuildFile; fileRef = 288765FC0DF74451002DB57D /* CoreGraphics.framework */; };
		69120F69117804E20014C8FA /* GuestViewController.m in Sources */ = {isa = PBXBuildFile; fileRef = 69120F67117804E20014C8FA /* GuestViewController.m */; };
		692CE6DB117A33EF00906C82 /* GuestView.xib in Resources */ = {isa = PBXBuildFile; fileRef = 692CE6D6117A33EF00906C82 /* GuestView.xib */; };
		692CE6DC117A33EF00906C82 /* LoginView.xib in Resources */ = {isa = PBXBuildFile; fileRef = 692CE6D7117A33EF00906C82 /* LoginView.xib */; };
		692CE6DD117A33EF00906C82 /* MainWindow.xib in Resources */ = {isa = PBXBuildFile; fileRef = 692CE6D8117A33EF00906C82 /* MainWindow.xib */; };
		692CE6DE117A33EF00906C82 /* OverlayView.xib in Resources */ = {isa = PBXBuildFile; fileRef = 692CE6D9117A33EF00906C82 /* OverlayView.xib */; };
		692CE6DF117A33EF00906C82 /* SearchableListView.xib in Resources */ = {isa = PBXBuildFile; fileRef = 692CE6DA117A33EF00906C82 /* SearchableListView.xib */; };
		6944B41611764D0A00C7E1E2 /* SearchableListViewController.m in Sources */ = {isa = PBXBuildFile; fileRef = 6944B41411764D0A00C7E1E2 /* SearchableListViewController.m */; };
		6944B4AA11778E0200C7E1E2 /* OverlayViewController.m in Sources */ = {isa = PBXBuildFile; fileRef = 6944B4A811778E0200C7E1E2 /* OverlayViewController.m */; };
		6998439F1183AD2F007F5C0F /* NSObject+SBJSON.m in Sources */ = {isa = PBXBuildFile; fileRef = 699843941183AD2F007F5C0F /* NSObject+SBJSON.m */; };
		699843A01183AD2F007F5C0F /* NSString+SBJSON.m in Sources */ = {isa = PBXBuildFile; fileRef = 699843961183AD2F007F5C0F /* NSString+SBJSON.m */; };
		699843A11183AD2F007F5C0F /* SBJSON.m in Sources */ = {isa = PBXBuildFile; fileRef = 699843981183AD2F007F5C0F /* SBJSON.m */; };
		699843A21183AD2F007F5C0F /* SBJsonBase.m in Sources */ = {isa = PBXBuildFile; fileRef = 6998439A1183AD2F007F5C0F /* SBJsonBase.m */; };
		699843A31183AD2F007F5C0F /* SBJsonParser.m in Sources */ = {isa = PBXBuildFile; fileRef = 6998439C1183AD2F007F5C0F /* SBJsonParser.m */; };
		699843A41183AD2F007F5C0F /* SBJsonWriter.m in Sources */ = {isa = PBXBuildFile; fileRef = 6998439E1183AD2F007F5C0F /* SBJsonWriter.m */; };
		69BF0411118040B400757C5E /* crowdsortlogo.png in Resources */ = {isa = PBXBuildFile; fileRef = 69BF0410118040B400757C5E /* crowdsortlogo.png */; };
		69BF041B118047D700757C5E /* ControlPanelViewController.m in Sources */ = {isa = PBXBuildFile; fileRef = 69BF041A118047D700757C5E /* ControlPanelViewController.m */; };
		69BF041D118047EA00757C5E /* ControlPanelView.xib in Resources */ = {isa = PBXBuildFile; fileRef = 69BF041C118047EA00757C5E /* ControlPanelView.xib */; };
		69BF042C11804C9100757C5E /* cs.png in Resources */ = {isa = PBXBuildFile; fileRef = 69BF042B11804C9100757C5E /* cs.png */; };
		69DE13081174369500809CC9 /* LoginViewController.m in Sources */ = {isa = PBXBuildFile; fileRef = 69DE13061174369500809CC9 /* LoginViewController.m */; };
/* End PBXBuildFile section */

/* Begin PBXFileReference section */
		1D30AB110D05D00D00671497 /* Foundation.framework */ = {isa = PBXFileReference; lastKnownFileType = wrapper.framework; name = Foundation.framework; path = System/Library/Frameworks/Foundation.framework; sourceTree = SDKROOT; };
		1D3623240D0F684500981E51 /* CrowdSortAppDelegate.h */ = {isa = PBXFileReference; fileEncoding = 4; lastKnownFileType = sourcecode.c.h; path = CrowdSortAppDelegate.h; sourceTree = "<group>"; };
		1D3623250D0F684500981E51 /* CrowdSortAppDelegate.m */ = {isa = PBXFileReference; fileEncoding = 4; lastKnownFileType = sourcecode.c.objc; path = CrowdSortAppDelegate.m; sourceTree = "<group>"; };
		1D6058910D05DD3D006BFB54 /* CrowdSort.app */ = {isa = PBXFileReference; explicitFileType = wrapper.application; includeInIndex = 0; path = CrowdSort.app; sourceTree = BUILT_PRODUCTS_DIR; };
		1DF5F4DF0D08C38300B7A737 /* UIKit.framework */ = {isa = PBXFileReference; lastKnownFileType = wrapper.framework; name = UIKit.framework; path = System/Library/Frameworks/UIKit.framework; sourceTree = SDKROOT; };
		288765FC0DF74451002DB57D /* CoreGraphics.framework */ = {isa = PBXFileReference; lastKnownFileType = wrapper.framework; name = CoreGraphics.framework; path = System/Library/Frameworks/CoreGraphics.framework; sourceTree = SDKROOT; };
		29B97316FDCFA39411CA2CEA /* main.m */ = {isa = PBXFileReference; fileEncoding = 4; lastKnownFileType = sourcecode.c.objc; path = main.m; sourceTree = "<group>"; };
		69120F66117804E20014C8FA /* GuestViewController.h */ = {isa = PBXFileReference; fileEncoding = 4; lastKnownFileType = sourcecode.c.h; path = GuestViewController.h; sourceTree = "<group>"; };
		69120F67117804E20014C8FA /* GuestViewController.m */ = {isa = PBXFileReference; fileEncoding = 4; lastKnownFileType = sourcecode.c.objc; path = GuestViewController.m; sourceTree = "<group>"; };
		692CE68D117A313600906C82 /* CrowdSort_Prefix.pch */ = {isa = PBXFileReference; fileEncoding = 4; lastKnownFileType = sourcecode.c.h; path = CrowdSort_Prefix.pch; sourceTree = "<group>"; };
		692CE68E117A314400906C82 /* CrowdSort-Info.plist */ = {isa = PBXFileReference; fileEncoding = 4; lastKnownFileType = text.plist.xml; path = "CrowdSort-Info.plist"; sourceTree = "<group>"; };
		692CE6D6117A33EF00906C82 /* GuestView.xib */ = {isa = PBXFileReference; lastKnownFileType = file.xib; path = GuestView.xib; sourceTree = "<group>"; };
		692CE6D7117A33EF00906C82 /* LoginView.xib */ = {isa = PBXFileReference; lastKnownFileType = file.xib; path = LoginView.xib; sourceTree = "<group>"; };
		692CE6D8117A33EF00906C82 /* MainWindow.xib */ = {isa = PBXFileReference; lastKnownFileType = file.xib; path = MainWindow.xib; sourceTree = "<group>"; };
		692CE6D9117A33EF00906C82 /* OverlayView.xib */ = {isa = PBXFileReference; lastKnownFileType = file.xib; path = OverlayView.xib; sourceTree = "<group>"; };
		692CE6DA117A33EF00906C82 /* SearchableListView.xib */ = {isa = PBXFileReference; lastKnownFileType = file.xib; path = SearchableListView.xib; sourceTree = "<group>"; };
		6944B41311764D0A00C7E1E2 /* SearchableListViewController.h */ = {isa = PBXFileReference; fileEncoding = 4; lastKnownFileType = sourcecode.c.h; path = SearchableListViewController.h; sourceTree = "<group>"; };
		6944B41411764D0A00C7E1E2 /* SearchableListViewController.m */ = {isa = PBXFileReference; fileEncoding = 4; lastKnownFileType = sourcecode.c.objc; path = SearchableListViewController.m; sourceTree = "<group>"; };
		6944B4A711778E0200C7E1E2 /* OverlayViewController.h */ = {isa = PBXFileReference; fileEncoding = 4; lastKnownFileType = sourcecode.c.h; path = OverlayViewController.h; sourceTree = "<group>"; };
		6944B4A811778E0200C7E1E2 /* OverlayViewController.m */ = {isa = PBXFileReference; fileEncoding = 4; lastKnownFileType = sourcecode.c.objc; path = OverlayViewController.m; sourceTree = "<group>"; };
		699843921183AD2F007F5C0F /* JSON.h */ = {isa = PBXFileReference; fileEncoding = 4; lastKnownFileType = sourcecode.c.h; path = JSON.h; sourceTree = "<group>"; };
		699843931183AD2F007F5C0F /* NSObject+SBJSON.h */ = {isa = PBXFileReference; fileEncoding = 4; lastKnownFileType = sourcecode.c.h; path = "NSObject+SBJSON.h"; sourceTree = "<group>"; };
		699843941183AD2F007F5C0F /* NSObject+SBJSON.m */ = {isa = PBXFileReference; fileEncoding = 4; lastKnownFileType = sourcecode.c.objc; path = "NSObject+SBJSON.m"; sourceTree = "<group>"; };
		699843951183AD2F007F5C0F /* NSString+SBJSON.h */ = {isa = PBXFileReference; fileEncoding = 4; lastKnownFileType = sourcecode.c.h; path = "NSString+SBJSON.h"; sourceTree = "<group>"; };
		699843961183AD2F007F5C0F /* NSString+SBJSON.m */ = {isa = PBXFileReference; fileEncoding = 4; lastKnownFileType = sourcecode.c.objc; path = "NSString+SBJSON.m"; sourceTree = "<group>"; };
		699843971183AD2F007F5C0F /* SBJSON.h */ = {isa = PBXFileReference; fileEncoding = 4; lastKnownFileType = sourcecode.c.h; path = SBJSON.h; sourceTree = "<group>"; };
		699843981183AD2F007F5C0F /* SBJSON.m */ = {isa = PBXFileReference; fileEncoding = 4; lastKnownFileType = sourcecode.c.objc; path = SBJSON.m; sourceTree = "<group>"; };
		699843991183AD2F007F5C0F /* SBJsonBase.h */ = {isa = PBXFileReference; fileEncoding = 4; lastKnownFileType = sourcecode.c.h; path = SBJsonBase.h; sourceTree = "<group>"; };
		6998439A1183AD2F007F5C0F /* SBJsonBase.m */ = {isa = PBXFileReference; fileEncoding = 4; lastKnownFileType = sourcecode.c.objc; path = SBJsonBase.m; sourceTree = "<group>"; };
		6998439B1183AD2F007F5C0F /* SBJsonParser.h */ = {isa = PBXFileReference; fileEncoding = 4; lastKnownFileType = sourcecode.c.h; path = SBJsonParser.h; sourceTree = "<group>"; };
		6998439C1183AD2F007F5C0F /* SBJsonParser.m */ = {isa = PBXFileReference; fileEncoding = 4; lastKnownFileType = sourcecode.c.objc; path = SBJsonParser.m; sourceTree = "<group>"; };
		6998439D1183AD2F007F5C0F /* SBJsonWriter.h */ = {isa = PBXFileReference; fileEncoding = 4; lastKnownFileType = sourcecode.c.h; path = SBJsonWriter.h; sourceTree = "<group>"; };
		6998439E1183AD2F007F5C0F /* SBJsonWriter.m */ = {isa = PBXFileReference; fileEncoding = 4; lastKnownFileType = sourcecode.c.objc; path = SBJsonWriter.m; sourceTree = "<group>"; };
		69BF0410118040B400757C5E /* crowdsortlogo.png */ = {isa = PBXFileReference; lastKnownFileType = image.png; path = crowdsortlogo.png; sourceTree = "<group>"; };
		69BF0419118047D700757C5E /* ControlPanelViewController.h */ = {isa = PBXFileReference; fileEncoding = 4; lastKnownFileType = sourcecode.c.h; path = ControlPanelViewController.h; sourceTree = "<group>"; };
		69BF041A118047D700757C5E /* ControlPanelViewController.m */ = {isa = PBXFileReference; fileEncoding = 4; lastKnownFileType = sourcecode.c.objc; path = ControlPanelViewController.m; sourceTree = "<group>"; };
		69BF041C118047EA00757C5E /* ControlPanelView.xib */ = {isa = PBXFileReference; lastKnownFileType = file.xib; path = ControlPanelView.xib; sourceTree = "<group>"; };
		69BF042B11804C9100757C5E /* cs.png */ = {isa = PBXFileReference; lastKnownFileType = image.png; path = cs.png; sourceTree = "<group>"; };
		69DE13051174369500809CC9 /* LoginViewController.h */ = {isa = PBXFileReference; fileEncoding = 4; lastKnownFileType = sourcecode.c.h; path = LoginViewController.h; sourceTree = "<group>"; };
		69DE13061174369500809CC9 /* LoginViewController.m */ = {isa = PBXFileReference; fileEncoding = 4; lastKnownFileType = sourcecode.c.objc; path = LoginViewController.m; sourceTree = "<group>"; };
/* End PBXFileReference section */

/* Begin PBXFrameworksBuildPhase section */
		1D60588F0D05DD3D006BFB54 /* Frameworks */ = {
			isa = PBXFrameworksBuildPhase;
			buildActionMask = 2147483647;
			files = (
				1D60589F0D05DD5A006BFB54 /* Foundation.framework in Frameworks */,
				1DF5F4E00D08C38300B7A737 /* UIKit.framework in Frameworks */,
				288765FD0DF74451002DB57D /* CoreGraphics.framework in Frameworks */,
			);
			runOnlyForDeploymentPostprocessing = 0;
		};
/* End PBXFrameworksBuildPhase section */

/* Begin PBXGroup section */
		080E96DDFE201D6D7F000001 /* Classes */ = {
			isa = PBXGroup;
			children = (
				699843911183AD2F007F5C0F /* JSON */,
				6944B41311764D0A00C7E1E2 /* SearchableListViewController.h */,
				6944B41411764D0A00C7E1E2 /* SearchableListViewController.m */,
				1D3623240D0F684500981E51 /* CrowdSortAppDelegate.h */,
				1D3623250D0F684500981E51 /* CrowdSortAppDelegate.m */,
				69DE13051174369500809CC9 /* LoginViewController.h */,
				69DE13061174369500809CC9 /* LoginViewController.m */,
				69120F66117804E20014C8FA /* GuestViewController.h */,
				69120F67117804E20014C8FA /* GuestViewController.m */,
				6944B4A711778E0200C7E1E2 /* OverlayViewController.h */,
				6944B4A811778E0200C7E1E2 /* OverlayViewController.m */,
				69BF0419118047D700757C5E /* ControlPanelViewController.h */,
				69BF041A118047D700757C5E /* ControlPanelViewController.m */,
			);
			path = Classes;
			sourceTree = "<group>";
		};
		19C28FACFE9D520D11CA2CBB /* Products */ = {
			isa = PBXGroup;
			children = (
				1D6058910D05DD3D006BFB54 /* CrowdSort.app */,
			);
			name = Products;
			sourceTree = "<group>";
		};
		29B97314FDCFA39411CA2CEA /* CustomTemplate */ = {
			isa = PBXGroup;
			children = (
				080E96DDFE201D6D7F000001 /* Classes */,
				29B97315FDCFA39411CA2CEA /* Other Sources */,
				29B97317FDCFA39411CA2CEA /* Resources */,
				29B97323FDCFA39411CA2CEA /* Frameworks */,
				19C28FACFE9D520D11CA2CBB /* Products */,
			);
			name = CustomTemplate;
			sourceTree = "<group>";
		};
		29B97315FDCFA39411CA2CEA /* Other Sources */ = {
			isa = PBXGroup;
			children = (
				692CE68D117A313600906C82 /* CrowdSort_Prefix.pch */,
				29B97316FDCFA39411CA2CEA /* main.m */,
			);
			name = "Other Sources";
			sourceTree = "<group>";
		};
		29B97317FDCFA39411CA2CEA /* Resources */ = {
			isa = PBXGroup;
			children = (
				6944B41211764C0700C7E1E2 /* Images */,
				6944B41111764BFE00C7E1E2 /* IBFiles */,
				692CE68E117A314400906C82 /* CrowdSort-Info.plist */,
			);
			name = Resources;
			sourceTree = "<group>";
		};
		29B97323FDCFA39411CA2CEA /* Frameworks */ = {
			isa = PBXGroup;
			children = (
				1DF5F4DF0D08C38300B7A737 /* UIKit.framework */,
				1D30AB110D05D00D00671497 /* Foundation.framework */,
				288765FC0DF74451002DB57D /* CoreGraphics.framework */,
			);
			name = Frameworks;
			sourceTree = "<group>";
		};
		6944B41111764BFE00C7E1E2 /* IBFiles */ = {
			isa = PBXGroup;
			children = (
				692CE6D6117A33EF00906C82 /* GuestView.xib */,
				692CE6D7117A33EF00906C82 /* LoginView.xib */,
				692CE6D8117A33EF00906C82 /* MainWindow.xib */,
				692CE6D9117A33EF00906C82 /* OverlayView.xib */,
				692CE6DA117A33EF00906C82 /* SearchableListView.xib */,
				69BF041C118047EA00757C5E /* ControlPanelView.xib */,
			);
			path = IBFiles;
			sourceTree = "<group>";
		};
		6944B41211764C0700C7E1E2 /* Images */ = {
			isa = PBXGroup;
			children = (
				69BF042B11804C9100757C5E /* cs.png */,
				69BF0410118040B400757C5E /* crowdsortlogo.png */,
			);
			path = Images;
			sourceTree = "<group>";
		};
		699843911183AD2F007F5C0F /* JSON */ = {
			isa = PBXGroup;
			children = (
				699843921183AD2F007F5C0F /* JSON.h */,
				699843931183AD2F007F5C0F /* NSObject+SBJSON.h */,
				699843941183AD2F007F5C0F /* NSObject+SBJSON.m */,
				699843951183AD2F007F5C0F /* NSString+SBJSON.h */,
				699843961183AD2F007F5C0F /* NSString+SBJSON.m */,
				699843971183AD2F007F5C0F /* SBJSON.h */,
				699843981183AD2F007F5C0F /* SBJSON.m */,
				699843991183AD2F007F5C0F /* SBJsonBase.h */,
				6998439A1183AD2F007F5C0F /* SBJsonBase.m */,
				6998439B1183AD2F007F5C0F /* SBJsonParser.h */,
				6998439C1183AD2F007F5C0F /* SBJsonParser.m */,
				6998439D1183AD2F007F5C0F /* SBJsonWriter.h */,
				6998439E1183AD2F007F5C0F /* SBJsonWriter.m */,
			);
			path = JSON;
			sourceTree = "<group>";
		};
/* End PBXGroup section */

/* Begin PBXNativeTarget section */
		1D6058900D05DD3D006BFB54 /* CrowdSort */ = {
			isa = PBXNativeTarget;
			buildConfigurationList = 1D6058960D05DD3E006BFB54 /* Build configuration list for PBXNativeTarget "CrowdSort" */;
			buildPhases = (
				1D60588D0D05DD3D006BFB54 /* Resources */,
				1D60588E0D05DD3D006BFB54 /* Sources */,
				1D60588F0D05DD3D006BFB54 /* Frameworks */,
			);
			buildRules = (
			);
			dependencies = (
			);
			name = CrowdSort;
			productName = CrowdSort;
			productReference = 1D6058910D05DD3D006BFB54 /* CrowdSort.app */;
			productType = "com.apple.product-type.application";
		};
/* End PBXNativeTarget section */

/* Begin PBXProject section */
		29B97313FDCFA39411CA2CEA /* Project object */ = {
			isa = PBXProject;
			buildConfigurationList = C01FCF4E08A954540054247B /* Build configuration list for PBXProject "CrowdSort" */;
			compatibilityVersion = "Xcode 3.1";
			hasScannedForEncodings = 1;
			mainGroup = 29B97314FDCFA39411CA2CEA /* CustomTemplate */;
			projectDirPath = "";
			projectRoot = "";
			targets = (
				1D6058900D05DD3D006BFB54 /* CrowdSort */,
			);
		};
/* End PBXProject section */

/* Begin PBXResourcesBuildPhase section */
		1D60588D0D05DD3D006BFB54 /* Resources */ = {
			isa = PBXResourcesBuildPhase;
			buildActionMask = 2147483647;
			files = (
				692CE6DB117A33EF00906C82 /* GuestView.xib in Resources */,
				692CE6DC117A33EF00906C82 /* LoginView.xib in Resources */,
				692CE6DD117A33EF00906C82 /* MainWindow.xib in Resources */,
				692CE6DE117A33EF00906C82 /* OverlayView.xib in Resources */,
				692CE6DF117A33EF00906C82 /* SearchableListView.xib in Resources */,
				69BF0411118040B400757C5E /* crowdsortlogo.png in Resources */,
				69BF041D118047EA00757C5E /* ControlPanelView.xib in Resources */,
				69BF042C11804C9100757C5E /* cs.png in Resources */,
			);
			runOnlyForDeploymentPostprocessing = 0;
		};
/* End PBXResourcesBuildPhase section */

/* Begin PBXSourcesBuildPhase section */
		1D60588E0D05DD3D006BFB54 /* Sources */ = {
			isa = PBXSourcesBuildPhase;
			buildActionMask = 2147483647;
			files = (
				1D60589B0D05DD56006BFB54 /* main.m in Sources */,
				1D3623260D0F684500981E51 /* CrowdSortAppDelegate.m in Sources */,
				69DE13081174369500809CC9 /* LoginViewController.m in Sources */,
				6944B41611764D0A00C7E1E2 /* SearchableListViewController.m in Sources */,
				6944B4AA11778E0200C7E1E2 /* OverlayViewController.m in Sources */,
				69120F69117804E20014C8FA /* GuestViewController.m in Sources */,
				69BF041B118047D700757C5E /* ControlPanelViewController.m in Sources */,
				6998439F1183AD2F007F5C0F /* NSObject+SBJSON.m in Sources */,
				699843A01183AD2F007F5C0F /* NSString+SBJSON.m in Sources */,
				699843A11183AD2F007F5C0F /* SBJSON.m in Sources */,
				699843A21183AD2F007F5C0F /* SBJsonBase.m in Sources */,
				699843A31183AD2F007F5C0F /* SBJsonParser.m in Sources */,
				699843A41183AD2F007F5C0F /* SBJsonWriter.m in Sources */,
			);
			runOnlyForDeploymentPostprocessing = 0;
		};
/* End PBXSourcesBuildPhase section */

/* Begin XCBuildConfiguration section */
		1D6058940D05DD3E006BFB54 /* Debug */ = {
			isa = XCBuildConfiguration;
			buildSettings = {
				ALWAYS_SEARCH_USER_PATHS = NO;
				COPY_PHASE_STRIP = NO;
				GCC_DYNAMIC_NO_PIC = NO;
				GCC_OPTIMIZATION_LEVEL = 0;
				GCC_PRECOMPILE_PREFIX_HEADER = YES;
				GCC_PREFIX_HEADER = CrowdSort_Prefix.pch;
				INFOPLIST_FILE = "CrowdSort-Info.plist";
				PRODUCT_NAME = CrowdSort;
			};
			name = Debug;
		};
		1D6058950D05DD3E006BFB54 /* Release */ = {
			isa = XCBuildConfiguration;
			buildSettings = {
				ALWAYS_SEARCH_USER_PATHS = NO;
				COPY_PHASE_STRIP = YES;
				GCC_PRECOMPILE_PREFIX_HEADER = YES;
				GCC_PREFIX_HEADER = CrowdSort_Prefix.pch;
				INFOPLIST_FILE = "CrowdSort-Info.plist";
				PRODUCT_NAME = CrowdSort;
			};
			name = Release;
		};
		C01FCF4F08A954540054247B /* Debug */ = {
			isa = XCBuildConfiguration;
			buildSettings = {
				ARCHS = "$(ARCHS_STANDARD_32_BIT)";
				"CODE_SIGN_IDENTITY[sdk=iphoneos*]" = "iPhone Developer";
				GCC_C_LANGUAGE_STANDARD = c99;
				GCC_WARN_ABOUT_RETURN_TYPE = YES;
				GCC_WARN_UNUSED_VARIABLE = YES;
				PREBINDING = NO;
				SDKROOT = iphoneos3.1.3;
			};
			name = Debug;
		};
		C01FCF5008A954540054247B /* Release */ = {
			isa = XCBuildConfiguration;
			buildSettings = {
				ARCHS = "$(ARCHS_STANDARD_32_BIT)";
				"CODE_SIGN_IDENTITY[sdk=iphoneos*]" = "iPhone Developer";
				GCC_C_LANGUAGE_STANDARD = c99;
				GCC_WARN_ABOUT_RETURN_TYPE = YES;
				GCC_WARN_UNUSED_VARIABLE = YES;
				PREBINDING = NO;
				SDKROOT = iphoneos3.1.3;
			};
			name = Release;
		};
/* End XCBuildConfiguration section */

/* Begin XCConfigurationList section */
		1D6058960D05DD3E006BFB54 /* Build configuration list for PBXNativeTarget "CrowdSort" */ = {
			isa = XCConfigurationList;
			buildConfigurations = (
				1D6058940D05DD3E006BFB54 /* Debug */,
				1D6058950D05DD3E006BFB54 /* Release */,
			);
			defaultConfigurationIsVisible = 0;
			defaultConfigurationName = Release;
		};
		C01FCF4E08A954540054247B /* Build configuration list for PBXProject "CrowdSort" */ = {
			isa = XCConfigurationList;
			buildConfigurations = (
				C01FCF4F08A954540054247B /* Debug */,
				C01FCF5008A954540054247B /* Release */,
			);
			defaultConfigurationIsVisible = 0;
			defaultConfigurationName = Release;
		};
/* End XCConfigurationList section */
	};
	rootObject = 29B97313FDCFA39411CA2CEA /* Project object */;
}
